// !$*UTF8*$!
{
	archiveVersion = 1;
	classes = {
	};
	objectVersion = 48;
	objects = {

/* Begin PBXBuildFile section */
		C2633B5B202CDE2D00C5330F /* AppDelegate.swift in Sources */ = {isa = PBXBuildFile; fileRef = C2633B5A202CDE2D00C5330F /* AppDelegate.swift */; };
		C2633B5D202CDE2D00C5330F /* ViewController.swift in Sources */ = {isa = PBXBuildFile; fileRef = C2633B5C202CDE2D00C5330F /* ViewController.swift */; };
		C2633B60202CDE2D00C5330F /* Main.storyboard in Resources */ = {isa = PBXBuildFile; fileRef = C2633B5E202CDE2D00C5330F /* Main.storyboard */; };
		C2633B62202CDE2D00C5330F /* Assets.xcassets in Resources */ = {isa = PBXBuildFile; fileRef = C2633B61202CDE2D00C5330F /* Assets.xcassets */; };
		C2633B65202CDE2D00C5330F /* LaunchScreen.storyboard in Resources */ = {isa = PBXBuildFile; fileRef = C2633B63202CDE2D00C5330F /* LaunchScreen.storyboard */; };
/* End PBXBuildFile section */

/* Begin PBXFileReference section */
		C2633B57202CDE2D00C5330F /* Devslopes Devslopes Devlopes.app */ = {isa = PBXFileReference; explicitFileType = wrapper.application; includeInIndex = 0; path = "Devslopes Devslopes Devlopes.app"; sourceTree = BUILT_PRODUCTS_DIR; };
		C2633B5A202CDE2D00C5330F /* AppDelegate.swift */ = {isa = PBXFileReference; lastKnownFileType = sourcecode.swift; path = AppDelegate.swift; sourceTree = "<group>"; };
		C2633B5C202CDE2D00C5330F /* ViewController.swift */ = {isa = PBXFileReference; lastKnownFileType = sourcecode.swift; path = ViewController.swift; sourceTree = "<group>"; };
		C2633B5F202CDE2D00C5330F /* Base */ = {isa = PBXFileReference; lastKnownFileType = file.storyboard; name = Base; path = Base.lproj/Main.storyboard; sourceTree = "<group>"; };
		C2633B61202CDE2D00C5330F /* Assets.xcassets */ = {isa = PBXFileReference; lastKnownFileType = folder.assetcatalog; path = Assets.xcassets; sourceTree = "<group>"; };
		C2633B64202CDE2D00C5330F /* Base */ = {isa = PBXFileReference; lastKnownFileType = file.storyboard; name = Base; path = Base.lproj/LaunchScreen.storyboard; sourceTree = "<group>"; };
		C2633B66202CDE2D00C5330F /* Info.plist */ = {isa = PBXFileReference; lastKnownFileType = text.plist.xml; path = Info.plist; sourceTree = "<group>"; };
/* End PBXFileReference section */

/* Begin PBXFrameworksBuildPhase section */
		C2633B54202CDE2D00C5330F /* Frameworks */ = {
			isa = PBXFrameworksBuildPhase;
			buildActionMask = 2147483647;
			files = (
			);
			runOnlyForDeploymentPostprocessing = 0;
		};
/* End PBXFrameworksBuildPhase section */

/* Begin PBXGroup section */
		C2633B4E202CDE2D00C5330F = {
			isa = PBXGroup;
			children = (
				C2633B59202CDE2D00C5330F /* Devslopes Devslopes Devlopes */,
				C2633B58202CDE2D00C5330F /* Products */,
			);
			sourceTree = "<group>";
		};
		C2633B58202CDE2D00C5330F /* Products */ = {
			isa = PBXGroup;
			children = (
				C2633B57202CDE2D00C5330F /* Devslopes Devslopes Devlopes.app */,
			);
			name = Products;
			sourceTree = "<group>";
		};
		C2633B59202CDE2D00C5330F /* Devslopes Devslopes Devlopes */ = {
			isa = PBXGroup;
			children = (
				C2633B5A202CDE2D00C5330F /* AppDelegate.swift */,
				C2633B5C202CDE2D00C5330F /* ViewController.swift */,
				C2633B5E202CDE2D00C5330F /* Main.storyboard */,
				C2633B61202CDE2D00C5330F /* Assets.xcassets */,
				C2633B63202CDE2D00C5330F /* LaunchScreen.storyboard */,
				C2633B66202CDE2D00C5330F /* Info.plist */,
			);
			path = "Devslopes Devslopes Devlopes";
			sourceTree = "<group>";
		};
/* End PBXGroup section */

/* Begin PBXNativeTarget section */
		C2633B56202CDE2D00C5330F /* Devslopes Devslopes Devlopes */ = {
			isa = PBXNativeTarget;
			buildConfigurationList = C2633B69202CDE2D00C5330F /* Build configuration list for PBXNativeTarget "Devslopes Devslopes Devlopes" */;
			buildPhases = (
				C2633B53202CDE2D00C5330F /* Sources */,
				C2633B54202CDE2D00C5330F /* Frameworks */,
				C2633B55202CDE2D00C5330F /* Resources */,
			);
			buildRules = (
			);
			dependencies = (
			);
			name = "Devslopes Devslopes Devlopes";
			productName = "Devslopes Devslopes Devlopes";
			productReference = C2633B57202CDE2D00C5330F /* Devslopes Devslopes Devlopes.app */;
			productType = "com.apple.product-type.application";
		};
/* End PBXNativeTarget section */

/* Begin PBXProject section */
		C2633B4F202CDE2D00C5330F /* Project object */ = {
			isa = PBXProject;
			attributes = {
				LastSwiftUpdateCheck = 0920;
				LastUpgradeCheck = 0920;
				ORGANIZATIONNAME = sergio_rotanov;
				TargetAttributes = {
					C2633B56202CDE2D00C5330F = {
						CreatedOnToolsVersion = 9.2;
						ProvisioningStyle = Automatic;
					};
				};
			};
			buildConfigurationList = C2633B52202CDE2D00C5330F /* Build configuration list for PBXProject "Devslopes Devslopes Devlopes" */;
			compatibilityVersion = "Xcode 8.0";
			developmentRegion = en;
			hasScannedForEncodings = 0;
			knownRegions = (
				en,
				Base,
			);
			mainGroup = C2633B4E202CDE2D00C5330F;
			productRefGroup = C2633B58202CDE2D00C5330F /* Products */;
			projectDirPath = "";
			projectRoot = "";
			targets = (
				C2633B56202CDE2D00C5330F /* Devslopes Devslopes Devlopes */,
			);
		};
/* End PBXProject section */

/* Begin PBXResourcesBuildPhase section */
		C2633B55202CDE2D00C5330F /* Resources */ = {
			isa = PBXResourcesBuildPhase;
			buildActionMask = 2147483647;
			files = (
				C2633B65202CDE2D00C5330F /* LaunchScreen.storyboard in Resources */,
				C2633B62202CDE2D00C5330F /* Assets.xcassets in Resources */,
				C2633B60202CDE2D00C5330F /* Main.storyboard in Resources */,
			);
			runOnlyForDeploymentPostprocessing = 0;
		};
/* End PBXResourcesBuildPhase section */

/* Begin PBXSourcesBuildPhase section */
		C2633B53202CDE2D00C5330F /* Sources */ = {
			isa = PBXSourcesBuildPhase;
			buildActionMask = 2147483647;
			files = (
				C2633B5D202CDE2D00C5330F /* ViewController.swift in Sources */,
				C2633B5B202CDE2D00C5330F /* AppDelegate.swift in Sources */,
			);
			runOnlyForDeploymentPostprocessing = 0;
		};
/* End PBXSourcesBuildPhase section */

/* Begin PBXVariantGroup section */
		C2633B5E202CDE2D00C5330F /* Main.storyboard */ = {
			isa = PBXVariantGroup;
			children = (
				C2633B5F202CDE2D00C5330F /* Base */,
			);
			name = Main.storyboard;
			sourceTree = "<group>";
		};
		C2633B63202CDE2D00C5330F /* LaunchScreen.storyboard */ = {
			isa = PBXVariantGroup;
			children = (
				C2633B64202CDE2D00C5330F /* Base */,
			);
			name = LaunchScreen.storyboard;
			sourceTree = "<group>";
		};
/* End PBXVariantGroup section */

/* Begin XCBuildConfiguration section */
		C2633B67202CDE2D00C5330F /* Debug */ = {
			isa = XCBuildConfiguration;
			buildSettings = {
				ALWAYS_SEARCH_USER_PATHS = NO;
				CLANG_ANALYZER_NONNULL = YES;
				CLANG_ANALYZER_NUMBER_OBJECT_CONVERSION = YES_AGGRESSIVE;
				CLANG_CXX_LANGUAGE_STANDARD = "gnu++14";
				CLANG_CXX_LIBRARY = "libc++";
				CLANG_ENABLE_MODULES = YES;
				CLANG_ENABLE_OBJC_ARC = YES;
				CLANG_WARN_BLOCK_CAPTURE_AUTORELEASING = YES;
				CLANG_WARN_BOOL_CONVERSION = YES;
				CLANG_WARN_COMMA = YES;
				CLANG_WARN_CONSTANT_CONVERSION = YES;
				CLANG_WARN_DIRECT_OBJC_ISA_USAGE = YES_ERROR;
				CLANG_WARN_DOCUMENTATION_COMMENTS = YES;
				CLANG_WARN_EMPTY_BODY = YES;
				CLANG_WARN_ENUM_CONVERSION = YES;
				CLANG_WARN_INFINITE_RECURSION = YES;
				CLANG_WARN_INT_CONVERSION = YES;
				CLANG_WARN_NON_LITERAL_NULL_CONVERSION = YES;
				CLANG_WARN_OBJC_LITERAL_CONVERSION = YES;
				CLANG_WARN_OBJC_ROOT_CLASS = YES_ERROR;
				CLANG_WARN_RANGE_LOOP_ANALYSIS = YES;
				CLANG_WARN_STRICT_PROTOTYPES = YES;
				CLANG_WARN_SUSPICIOUS_MOVE = YES;
				CLANG_WARN_UNGUARDED_AVAILABILITY = YES_AGGRESSIVE;
				CLANG_WARN_UNREACHABLE_CODE = YES;
				CLANG_WARN__DUPLICATE_METHOD_MATCH = YES;
				CODE_SIGN_IDENTITY = "iPhone Developer";
				COPY_PHASE_STRIP = NO;
				DEBUG_INFORMATION_FORMAT = dwarf;
				ENABLE_STRICT_OBJC_MSGSEND = YES;
				ENABLE_TESTABILITY = YES;
				GCC_C_LANGUAGE_STANDARD = gnu11;
				GCC_DYNAMIC_NO_PIC = NO;
				GCC_NO_COMMON_BLOCKS = YES;
				GCC_OPTIMIZATION_LEVEL = 0;
				GCC_PREPROCESSOR_DEFINITIONS = (
					"DEBUG=1",
					"$(inherited)",
				);
				GCC_WARN_64_TO_32_BIT_CONVERSION = YES;
				GCC_WARN_ABOUT_RETURN_TYPE = YES_ERROR;
				GCC_WARN_UNDECLARED_SELECTOR = YES;
				GCC_WARN_UNINITIALIZED_AUTOS = YES_AGGRESSIVE;
				GCC_WARN_UNUSED_FUNCTION = YES;
				GCC_WARN_UNUSED_VARIABLE = YES;
				IPHONEOS_DEPLOYMENT_TARGET = 11.2;
				MTL_ENABLE_DEBUG_INFO = YES;
				ONLY_ACTIVE_ARCH = YES;
				SDKROOT = iphoneos;
				SWIFT_ACTIVE_COMPILATION_CONDITIONS = DEBUG;
				SWIFT_OPTIMIZATION_LEVEL = "-Onone";
			};
			name = Debug;
		};
		C2633B68202CDE2D00C5330F /* Release */ = {
			isa = XCBuildConfiguration;
			buildSettings = {
				ALWAYS_SEARCH_USER_PATHS = NO;
				CLANG_ANALYZER_NONNULL = YES;
				CLANG_ANALYZER_NUMBER_OBJECT_CONVERSION = YES_AGGRESSIVE;
				CLANG_CXX_LANGUAGE_STANDARD = "gnu++14";
				CLANG_CXX_LIBRARY = "libc++";
				CLANG_ENABLE_MODULES = YES;
				CLANG_ENABLE_OBJC_ARC = YES;
				CLANG_WARN_BLOCK_CAPTURE_AUTORELEASING = YES;
				CLANG_WARN_BOOL_CONVERSION = YES;
				CLANG_WARN_COMMA = YES;
				CLANG_WARN_CONSTANT_CONVERSION = YES;
				CLANG_WARN_DIRECT_OBJC_ISA_USAGE = YES_ERROR;
				CLANG_WARN_DOCUMENTATION_COMMENTS = YES;
				CLANG_WARN_EMPTY_BODY = YES;
				CLANG_WARN_ENUM_CONVERSION = YES;
				CLANG_WARN_INFINITE_RECURSION = YES;
				CLANG_WARN_INT_CONVERSION = YES;
				CLANG_WARN_NON_LITERAL_NULL_CONVERSION = YES;
				CLANG_WARN_OBJC_LITERAL_CONVERSION = YES;
				CLANG_WARN_OBJC_ROOT_CLASS = YES_ERROR;
				CLANG_WARN_RANGE_LOOP_ANALYSIS = YES;
				CLANG_WARN_STRICT_PROTOTYPES = YES;
				CLANG_WARN_SUSPICIOUS_MOVE = YES;
				CLANG_WARN_UNGUARDED_AVAILABILITY = YES_AGGRESSIVE;
				CLANG_WARN_UNREACHABLE_CODE = YES;
				CLANG_WARN__DUPLICATE_METHOD_MATCH = YES;
				CODE_SIGN_IDENTITY = "iPhone Developer";
				COPY_PHASE_STRIP = NO;
				DEBUG_INFORMATION_FORMAT = "dwarf-with-dsym";
				ENABLE_NS_ASSERTIONS = NO;
				ENABLE_STRICT_OBJC_MSGSEND = YES;
				GCC_C_LANGUAGE_STANDARD = gnu11;
				GCC_NO_COMMON_BLOCKS = YES;
				GCC_WARN_64_TO_32_BIT_CONVERSION = YES;
				GCC_WARN_ABOUT_RETURN_TYPE = YES_ERROR;
				GCC_WARN_UNDECLARED_SELECTOR = YES;
				GCC_WARN_UNINITIALIZED_AUTOS = YES_AGGRESSIVE;
				GCC_WARN_UNUSED_FUNCTION = YES;
				GCC_WARN_UNUSED_VARIABLE = YES;
				IPHONEOS_DEPLOYMENT_TARGET = 11.2;
				MTL_ENABLE_DEBUG_INFO = NO;
				SDKROOT = iphoneos;
				SWIFT_OPTIMIZATION_LEVEL = "-Owholemodule";
				VALIDATE_PRODUCT = YES;
			};
			name = Release;
		};
		C2633B6A202CDE2D00C5330F /* Debug */ = {
			isa = XCBuildConfiguration;
			buildSettings = {
				ASSETCATALOG_COMPILER_APPICON_NAME = AppIcon;
				CODE_SIGN_STYLE = Automatic;
				INFOPLIST_FILE = "Devslopes Devslopes Devlopes/Info.plist";
				LD_RUNPATH_SEARCH_PATHS = "$(inherited) @executable_path/Frameworks";
				PRODUCT_BUNDLE_IDENTIFIER = "com.sergio-rotanov.Devslopes-Devslopes-Devlopes";
				PRODUCT_NAME = "$(TARGET_NAME)";
				SWIFT_VERSION = 4.0;
				TARGETED_DEVICE_FAMILY = "1,2";
			};
			name = Debug;
		};
		C2633B6B202CDE2D00C5330F /* Release */ = {
			isa = XCBuildConfiguration;
			buildSettings = {
				ASSETCATALOG_COMPILER_APPICON_NAME = AppIcon;
				CODE_SIGN_STYLE = Automatic;
				INFOPLIST_FILE = "Devslopes Devslopes Devlopes/Info.plist";
				LD_RUNPATH_SEARCH_PATHS = "$(inherited) @executable_path/Frameworks";
				PRODUCT_BUNDLE_IDENTIFIER = "com.sergio-rotanov.Devslopes-Devslopes-Devlopes";
				PRODUCT_NAME = "$(TARGET_NAME)";
				SWIFT_VERSION = 4.0;
				TARGETED_DEVICE_FAMILY = "1,2";
			};
			name = Release;
		};
/* End XCBuildConfiguration section */

/* Begin XCConfigurationList section */
		C2633B52202CDE2D00C5330F /* Build configuration list for PBXProject "Devslopes Devslopes Devlopes" */ = {
			isa = XCConfigurationList;
			buildConfigurations = (
				C2633B67202CDE2D00C5330F /* Debug */,
				C2633B68202CDE2D00C5330F /* Release */,
			);
			defaultConfigurationIsVisible = 0;
			defaultConfigurationName = Release;
		};
		C2633B69202CDE2D00C5330F /* Build configuration list for PBXNativeTarget "Devslopes Devslopes Devlopes" */ = {
			isa = XCConfigurationList;
			buildConfigurations = (
				C2633B6A202CDE2D00C5330F /* Debug */,
				C2633B6B202CDE2D00C5330F /* Release */,
			);
			defaultConfigurationIsVisible = 0;
			defaultConfigurationName = Release;
		};
/* End XCConfigurationList section */
	};
	rootObject = C2633B4F202CDE2D00C5330F /* Project object */;
}
